{
  "name": "@3numbers/trpc-server",
  "version": "10.40.0",
  "lockfileVersion": 3,
  "requires": true,
  "packages": {
    "": {
      "name": "@3numbers/trpc-server",
      "version": "10.40.0",
      "dependencies": {
        "@prisma/client": "^5.4.2",
        "@trpc/server": "^10.40.0",
        "zod": "^3.0.0"
      },
      "devDependencies": {
        "@types/node": "^18.16.16",
        "prisma": "^5.4.2"
      }
    },
    "node_modules/@prisma/client": {
      "version": "5.4.2",
      "resolved": "https://registry.npmjs.org/@prisma/client/-/client-5.4.2.tgz",
      "integrity": "sha512-2xsPaz4EaMKj1WS9iW6MlPhmbqtBsXAOeVttSePp8vTFTtvzh2hZbDgswwBdSCgPzmmwF+tLB259QzggvCmJqA==",
      "hasInstallScript": true,
      "dependencies": {
        "@prisma/engines-version": "5.4.1-2.ac9d7041ed77bcc8a8dbd2ab6616b39013829574"
      },
      "engines": {
        "node": ">=16.13"
      },
      "peerDependencies": {
        "prisma": "*"
      },
      "peerDependenciesMeta": {
        "prisma": {
          "optional": true
        }
      }
    },
    "node_modules/@prisma/engines": {
      "version": "5.4.2",
      "resolved": "https://registry.npmjs.org/@prisma/engines/-/engines-5.4.2.tgz",
      "integrity": "sha512-fqeucJ3LH0e1eyFdT0zRx+oETLancu5+n4lhiYECyEz6H2RDskPJHJYHkVc0LhkU4Uv7fuEnppKU3nVKNzMh8g==",
      "devOptional": true,
      "hasInstallScript": true
    },
    "node_modules/@prisma/engines-version": {
      "version": "5.4.1-2.ac9d7041ed77bcc8a8dbd2ab6616b39013829574",
      "resolved": "https://registry.npmjs.org/@prisma/engines-version/-/engines-version-5.4.1-2.ac9d7041ed77bcc8a8dbd2ab6616b39013829574.tgz",
      "integrity": "sha512-wvupDL4AA1vf4TQNANg7kR7y98ITqPsk6aacfBxZKtrJKRIsWjURHkZCGcQliHdqCiW/hGreO6d6ZuSv9MhdAA=="
    },
    "node_modules/@trpc/server": {
      "version": "10.41.0",
      "resolved": "https://registry.npmjs.org/@trpc/server/-/server-10.41.0.tgz",
      "integrity": "sha512-uC0xLelzOuoFwxbBQ3GzX4DaWNucO9lW2vlGPdKu8ycXu2ObSa739oQ/lNF6qWDNUKXS0tQvGnDCAxEd178EzQ==",
      "funding": [
        "https://trpc.io/sponsor"
      ]
    },
    "node_modules/@types/node": {
      "version": "18.18.6",
      "resolved": "https://registry.npmjs.org/@types/node/-/node-18.18.6.tgz",
      "integrity": "sha512-wf3Vz+jCmOQ2HV1YUJuCWdL64adYxumkrxtc+H1VUQlnQI04+5HtH+qZCOE21lBE7gIrt+CwX2Wv8Acrw5Ak6w==",
      "dev": true
    },
    "node_modules/prisma": {
      "version": "5.4.2",
      "resolved": "https://registry.npmjs.org/prisma/-/prisma-5.4.2.tgz",
      "integrity": "sha512-GDMZwZy7mysB2oXU+angQqJ90iaPFdD0rHaZNkn+dio5NRkGLmMqmXs31//tg/qXT3iB0cTQwnGGQNuirhSTZg==",
      "devOptional": true,
      "hasInstallScript": true,
      "dependencies": {
        "@prisma/engines": "5.4.2"
      },
      "bin": {
        "prisma": "build/index.js"
      },
      "engines": {
        "node": ">=16.13"
      }
    },
    "node_modules/zod": {
      "version": "3.22.4",
      "resolved": "https://registry.npmjs.org/zod/-/zod-3.22.4.tgz",
      "integrity": "sha512-iC+8Io04lddc+mVqQ9AZ7OQ2MrUKGN+oIQyq1vemgt46jwCwLfhq7/pwnBnNXXXZb8VTVLKwp9EDkx+ryxIWmg==",
      "funding": {
        "url": "https://github.com/sponsors/colinhacks"
      }
    }
  }
}
